
Microsoft Visual Studio Solution File, Format Version 12.00
# Visual Studio Version 17
VisualStudioVersion = 17.13.35818.85 d17.13
MinimumVisualStudioVersion = 10.0.40219.1
Project("{FAE04EC0-301F-11D3-BF4B-00C04F79EFBC}") = "zad26", "zad26\zad26.csproj", "{1F457CAD-5103-46E6-90CD-FB675F14742C}"
EndProject
Global
	GlobalSection(SolutionConfigurationPlatforms) = preSolution
		Debug|Any CPU = Debug|Any CPU
		Release|Any CPU = Release|Any CPU
	EndGlobalSection
	GlobalSection(ProjectConfigurationPlatforms) = postSolution
		{1F457CAD-5103-46E6-90CD-FB675F14742C}.Debug|Any CPU.ActiveCfg = Debug|Any CPU
		{1F457CAD-5103-46E6-90CD-FB675F14742C}.Debug|Any CPU.Build.0 = Debug|Any CPU
		{1F457CAD-5103-46E6-90CD-FB675F14742C}.Release|Any CPU.ActiveCfg = Release|Any CPU
		{1F457CAD-5103-46E6-90CD-FB675F14742C}.Release|Any CPU.Build.0 = Release|Any CPU
	EndGlobalSection
	GlobalSection(SolutionProperties) = preSolution
		HideSolutionNode = FALSE
	EndGlobalSection
	GlobalSection(ExtensibilityGlobals) = postSolution
		SolutionGuid = {BA1D656E-3113-4C9B-963B-D1C86F659BAE}
	EndGlobalSection
EndGlobal
